
Microsoft Visual Studio Solution File, Format Version 12.00
# Visual Studio 2012
Project("{FAE04EC0-301F-11D3-BF4B-00C04F79EFBC}") = "bcMapBC", "bcMapBC\bcMapBC.csproj", "{5D18DA25-25C9-4A18-ACD5-7F2419AEA449}"
EndProject
Project("{FAE04EC0-301F-11D3-BF4B-00C04F79EFBC}") = "bcMapBC.UITests", "bcMapBC.UITests\bcMapBC.UITests.csproj", "{B9865F3F-F342-4737-974A-021C75667F33}"
EndProject
Global
	GlobalSection(SolutionConfigurationPlatforms) = preSolution
		Debug|Any CPU = Debug|Any CPU
		Release|Any CPU = Release|Any CPU
	EndGlobalSection
	GlobalSection(ProjectConfigurationPlatforms) = postSolution
		{5D18DA25-25C9-4A18-ACD5-7F2419AEA449}.Debug|Any CPU.ActiveCfg = Debug|Any CPU
		{5D18DA25-25C9-4A18-ACD5-7F2419AEA449}.Debug|Any CPU.Build.0 = Debug|Any CPU
		{5D18DA25-25C9-4A18-ACD5-7F2419AEA449}.Release|Any CPU.ActiveCfg = Release|Any CPU
		{5D18DA25-25C9-4A18-ACD5-7F2419AEA449}.Release|Any CPU.Build.0 = Release|Any CPU
		{B9865F3F-F342-4737-974A-021C75667F33}.Debug|Any CPU.ActiveCfg = Debug|Any CPU
		{B9865F3F-F342-4737-974A-021C75667F33}.Debug|Any CPU.Build.0 = Debug|Any CPU
		{B9865F3F-F342-4737-974A-021C75667F33}.Release|Any CPU.ActiveCfg = Release|Any CPU
		{B9865F3F-F342-4737-974A-021C75667F33}.Release|Any CPU.Build.0 = Release|Any CPU
	EndGlobalSection
EndGlobal
